{
  "requires": true,
  "lockfileVersion": 1,
  "dependencies": {
    "typescript-collections": {
      "version": "1.3.2",
      "resolved": "https://registry.npmjs.org/typescript-collections/-/typescript-collections-1.3.2.tgz",
      "integrity": "sha512-Frfvtwym0VebbueXWEJlVkGiWjKEFStsRwusuzjh8lX8OEJ9ZbFqpYLNfPvZcxw/+nqW0cRNBeBq6SVoTjymcQ=="
    }
  }
}
